
Microsoft Visual Studio Solution File, Format Version 12.00
# Visual Studio 15
Project("{FAE04EC0-301F-11D3-BF4B-00C04F79EFBC}") = "UnityEngine.TestRunner", "UnityEngine.TestRunner.csproj", "{289BA079-76CC-7EC2-CF20-344AD5D81745}"
EndProject
Project("{FAE04EC0-301F-11D3-BF4B-00C04F79EFBC}") = "Unity.2D.Animation.Triangle.Runtime", "Unity.2D.Animation.Triangle.Runtime.csproj", "{5872EB13-0A9F-2735-2FB0-41E18C8FD2C7}"
EndProject
Project("{FAE04EC0-301F-11D3-BF4B-00C04F79EFBC}") = "UnityEngine.UI", "UnityEngine.UI.csproj", "{E4CBA5C5-6AF2-FFB4-64D3-82F6FD04A00D}"
EndProject
Project("{FAE04EC0-301F-11D3-BF4B-00C04F79EFBC}") = "Unity.TextMeshPro", "Unity.TextMeshPro.csproj", "{E31B4AD8-B07B-8B15-0877-56EA873F0EBC}"
EndProject
Project("{FAE04EC0-301F-11D3-BF4B-00C04F79EFBC}") = "Unity.2D.Animation.Runtime", "Unity.2D.Animation.Runtime.csproj", "{65746591-4539-5621-9330-D2FAD93D10E4}"
EndProject
Project("{FAE04EC0-301F-11D3-BF4B-00C04F79EFBC}") = "Unity.Timeline", "Unity.Timeline.csproj", "{5B211F48-134E-9CF8-360D-5B0C82067691}"
EndProject
Project("{FAE04EC0-301F-11D3-BF4B-00C04F79EFBC}") = "Unity.Mathematics", "Unity.Mathematics.csproj", "{11442BF4-ADA1-220D-3DB8-80E9F5CCA184}"
EndProject
Project("{FAE04EC0-301F-11D3-BF4B-00C04F79EFBC}") = "Unity.2D.SpriteShape.Runtime", "Unity.2D.SpriteShape.Runtime.csproj", "{EFE328E6-9979-AC1B-8968-41E048AB5947}"
EndProject
Project("{FAE04EC0-301F-11D3-BF4B-00C04F79EFBC}") = "Assembly-CSharp", "Assembly-CSharp.csproj", "{4FFBB6A5-5E13-9950-6B5A-EBF5990F646C}"
EndProject
Project("{FAE04EC0-301F-11D3-BF4B-00C04F79EFBC}") = "Unity.2D.PixelPerfect", "Unity.2D.PixelPerfect.csproj", "{53925BA2-3A1D-DAC1-4503-CBD29C192315}"
EndProject
Project("{FAE04EC0-301F-11D3-BF4B-00C04F79EFBC}") = "Unity.InternalAPIEngineBridge.001", "Unity.InternalAPIEngineBridge.001.csproj", "{A6B5B657-14AA-F3C1-7A0B-518D93850AAA}"
EndProject
Project("{FAE04EC0-301F-11D3-BF4B-00C04F79EFBC}") = "Unity.2D.Common.Runtime", "Unity.2D.Common.Runtime.csproj", "{5A27693D-E56C-324C-03E9-583D4EE1568D}"
EndProject
Project("{FAE04EC0-301F-11D3-BF4B-00C04F79EFBC}") = "Unity.TextMeshPro.Editor", "Unity.TextMeshPro.Editor.csproj", "{CED9623D-BB2E-66A7-23AA-9C7D3566BA54}"
EndProject
Project("{FAE04EC0-301F-11D3-BF4B-00C04F79EFBC}") = "Unity.Timeline.Editor", "Unity.Timeline.Editor.csproj", "{B680032A-0D00-02A2-E619-74CF62F66899}"
EndProject
Project("{FAE04EC0-301F-11D3-BF4B-00C04F79EFBC}") = "UnityEditor.TestRunner", "UnityEditor.TestRunner.csproj", "{71CE94A6-0493-82ED-C6BA-0C49D5D31DE4}"
EndProject
Project("{FAE04EC0-301F-11D3-BF4B-00C04F79EFBC}") = "Unity.2D.Animation.Editor", "Unity.2D.Animation.Editor.csproj", "{7928DF27-15A4-0BDE-9ED1-F75F7B960D59}"
EndProject
Project("{FAE04EC0-301F-11D3-BF4B-00C04F79EFBC}") = "Unity.2D.Path.Editor", "Unity.2D.Path.Editor.csproj", "{345ECFA3-648F-DC9D-9FA9-902CFC641AD6}"
EndProject
Project("{FAE04EC0-301F-11D3-BF4B-00C04F79EFBC}") = "Unity.2D.Sprite.Editor", "Unity.2D.Sprite.Editor.csproj", "{7B6433D9-A476-4C90-70C8-6EA8B02A4DEE}"
EndProject
Project("{FAE04EC0-301F-11D3-BF4B-00C04F79EFBC}") = "UnityEditor.UI", "UnityEditor.UI.csproj", "{DAC8B980-74B1-63C8-CA27-DBA183A00AE1}"
EndProject
Project("{FAE04EC0-301F-11D3-BF4B-00C04F79EFBC}") = "Unity.Rider.Editor", "Unity.Rider.Editor.csproj", "{A968723E-F051-8FE5-CA3B-A9EADDF9A61B}"
EndProject
Project("{FAE04EC0-301F-11D3-BF4B-00C04F79EFBC}") = "Unity.2D.Tilemap.Editor", "Unity.2D.Tilemap.Editor.csproj", "{9796492F-C2C9-05F9-6348-B559364329FC}"
EndProject
Project("{FAE04EC0-301F-11D3-BF4B-00C04F79EFBC}") = "Unity.2D.SpriteShape.Editor", "Unity.2D.SpriteShape.Editor.csproj", "{02901044-4986-3618-3E83-6062AF5406F0}"
EndProject
Project("{FAE04EC0-301F-11D3-BF4B-00C04F79EFBC}") = "PsdPlugin", "PsdPlugin.csproj", "{62740F67-FDDB-16F6-5ACE-7F28DE11B6F9}"
EndProject
Project("{FAE04EC0-301F-11D3-BF4B-00C04F79EFBC}") = "Unity.CollabProxy.Editor", "Unity.CollabProxy.Editor.csproj", "{60832518-17E2-4224-8023-B86B5D8604F7}"
EndProject
Project("{FAE04EC0-301F-11D3-BF4B-00C04F79EFBC}") = "Unity.2D.Common.Editor", "Unity.2D.Common.Editor.csproj", "{114994B9-AB6E-1D02-1DE8-51BFD031786F}"
EndProject
Project("{FAE04EC0-301F-11D3-BF4B-00C04F79EFBC}") = "Unity.VSCode.Editor", "Unity.VSCode.Editor.csproj", "{F7911C5C-C3CE-2902-E207-5B4813C1AD43}"
EndProject
Project("{FAE04EC0-301F-11D3-BF4B-00C04F79EFBC}") = "Unity.2D.Psdimporter.Editor", "Unity.2D.Psdimporter.Editor.csproj", "{AF410D0C-8641-3818-A06F-225E3B8A8CFD}"
EndProject
Project("{FAE04EC0-301F-11D3-BF4B-00C04F79EFBC}") = "Unity.2D.PixelPerfect.Editor", "Unity.2D.PixelPerfect.Editor.csproj", "{A97C08E5-95FA-F6EB-49AC-42BCED631258}"
EndProject
Project("{FAE04EC0-301F-11D3-BF4B-00C04F79EFBC}") = "Unity.Mathematics.Editor", "Unity.Mathematics.Editor.csproj", "{FEF6A607-12AE-33E0-EF00-1930B2D1FE6A}"
EndProject
Project("{FAE04EC0-301F-11D3-BF4B-00C04F79EFBC}") = "Unity.InternalAPIEditorBridge.001", "Unity.InternalAPIEditorBridge.001.csproj", "{5A61B290-2499-F2C5-40C5-8EE80C202F46}"
EndProject
Global
	GlobalSection(SolutionConfigurationPlatforms) = preSolution
		Debug|Any CPU = Debug|Any CPU
		Release|Any CPU = Release|Any CPU
	EndGlobalSection
	GlobalSection(ProjectConfigurationPlatforms) = postSolution
		{289BA079-76CC-7EC2-CF20-344AD5D81745}.Debug|Any CPU.ActiveCfg = Debug|Any CPU
		{289BA079-76CC-7EC2-CF20-344AD5D81745}.Debug|Any CPU.Build.0 = Debug|Any CPU
		{289BA079-76CC-7EC2-CF20-344AD5D81745}.Release|Any CPU.ActiveCfg = Release|Any CPU
		{289BA079-76CC-7EC2-CF20-344AD5D81745}.Release|Any CPU.Build.0 = Release|Any CPU
		{5872EB13-0A9F-2735-2FB0-41E18C8FD2C7}.Debug|Any CPU.ActiveCfg = Debug|Any CPU
		{5872EB13-0A9F-2735-2FB0-41E18C8FD2C7}.Debug|Any CPU.Build.0 = Debug|Any CPU
		{5872EB13-0A9F-2735-2FB0-41E18C8FD2C7}.Release|Any CPU.ActiveCfg = Release|Any CPU
		{5872EB13-0A9F-2735-2FB0-41E18C8FD2C7}.Release|Any CPU.Build.0 = Release|Any CPU
		{E4CBA5C5-6AF2-FFB4-64D3-82F6FD04A00D}.Debug|Any CPU.ActiveCfg = Debug|Any CPU
		{E4CBA5C5-6AF2-FFB4-64D3-82F6FD04A00D}.Debug|Any CPU.Build.0 = Debug|Any CPU
		{E4CBA5C5-6AF2-FFB4-64D3-82F6FD04A00D}.Release|Any CPU.ActiveCfg = Release|Any CPU
		{E4CBA5C5-6AF2-FFB4-64D3-82F6FD04A00D}.Release|Any CPU.Build.0 = Release|Any CPU
		{E31B4AD8-B07B-8B15-0877-56EA873F0EBC}.Debug|Any CPU.ActiveCfg = Debug|Any CPU
		{E31B4AD8-B07B-8B15-0877-56EA873F0EBC}.Debug|Any CPU.Build.0 = Debug|Any CPU
		{E31B4AD8-B07B-8B15-0877-56EA873F0EBC}.Release|Any CPU.ActiveCfg = Release|Any CPU
		{E31B4AD8-B07B-8B15-0877-56EA873F0EBC}.Release|Any CPU.Build.0 = Release|Any CPU
		{65746591-4539-5621-9330-D2FAD93D10E4}.Debug|Any CPU.ActiveCfg = Debug|Any CPU
		{65746591-4539-5621-9330-D2FAD93D10E4}.Debug|Any CPU.Build.0 = Debug|Any CPU
		{65746591-4539-5621-9330-D2FAD93D10E4}.Release|Any CPU.ActiveCfg = Release|Any CPU
		{65746591-4539-5621-9330-D2FAD93D10E4}.Release|Any CPU.Build.0 = Release|Any CPU
		{5B211F48-134E-9CF8-360D-5B0C82067691}.Debug|Any CPU.ActiveCfg = Debug|Any CPU
		{5B211F48-134E-9CF8-360D-5B0C82067691}.Debug|Any CPU.Build.0 = Debug|Any CPU
		{5B211F48-134E-9CF8-360D-5B0C82067691}.Release|Any CPU.ActiveCfg = Release|Any CPU
		{5B211F48-134E-9CF8-360D-5B0C82067691}.Release|Any CPU.Build.0 = Release|Any CPU
		{11442BF4-ADA1-220D-3DB8-80E9F5CCA184}.Debug|Any CPU.ActiveCfg = Debug|Any CPU
		{11442BF4-ADA1-220D-3DB8-80E9F5CCA184}.Debug|Any CPU.Build.0 = Debug|Any CPU
		{11442BF4-ADA1-220D-3DB8-80E9F5CCA184}.Release|Any CPU.ActiveCfg = Release|Any CPU
		{11442BF4-ADA1-220D-3DB8-80E9F5CCA184}.Release|Any CPU.Build.0 = Release|Any CPU
		{EFE328E6-9979-AC1B-8968-41E048AB5947}.Debug|Any CPU.ActiveCfg = Debug|Any CPU
		{EFE328E6-9979-AC1B-8968-41E048AB5947}.Debug|Any CPU.Build.0 = Debug|Any CPU
		{EFE328E6-9979-AC1B-8968-41E048AB5947}.Release|Any CPU.ActiveCfg = Release|Any CPU
		{EFE328E6-9979-AC1B-8968-41E048AB5947}.Release|Any CPU.Build.0 = Release|Any CPU
		{4FFBB6A5-5E13-9950-6B5A-EBF5990F646C}.Debug|Any CPU.ActiveCfg = Debug|Any CPU
		{4FFBB6A5-5E13-9950-6B5A-EBF5990F646C}.Debug|Any CPU.Build.0 = Debug|Any CPU
		{4FFBB6A5-5E13-9950-6B5A-EBF5990F646C}.Release|Any CPU.ActiveCfg = Release|Any CPU
		{4FFBB6A5-5E13-9950-6B5A-EBF5990F646C}.Release|Any CPU.Build.0 = Release|Any CPU
		{53925BA2-3A1D-DAC1-4503-CBD29C192315}.Debug|Any CPU.ActiveCfg = Debug|Any CPU
		{53925BA2-3A1D-DAC1-4503-CBD29C192315}.Debug|Any CPU.Build.0 = Debug|Any CPU
		{53925BA2-3A1D-DAC1-4503-CBD29C192315}.Release|Any CPU.ActiveCfg = Release|Any CPU
		{53925BA2-3A1D-DAC1-4503-CBD29C192315}.Release|Any CPU.Build.0 = Release|Any CPU
		{A6B5B657-14AA-F3C1-7A0B-518D93850AAA}.Debug|Any CPU.ActiveCfg = Debug|Any CPU
		{A6B5B657-14AA-F3C1-7A0B-518D93850AAA}.Debug|Any CPU.Build.0 = Debug|Any CPU
		{A6B5B657-14AA-F3C1-7A0B-518D93850AAA}.Release|Any CPU.ActiveCfg = Release|Any CPU
		{A6B5B657-14AA-F3C1-7A0B-518D93850AAA}.Release|Any CPU.Build.0 = Release|Any CPU
		{5A27693D-E56C-324C-03E9-583D4EE1568D}.Debug|Any CPU.ActiveCfg = Debug|Any CPU
		{5A27693D-E56C-324C-03E9-583D4EE1568D}.Debug|Any CPU.Build.0 = Debug|Any CPU
		{5A27693D-E56C-324C-03E9-583D4EE1568D}.Release|Any CPU.ActiveCfg = Release|Any CPU
		{5A27693D-E56C-324C-03E9-583D4EE1568D}.Release|Any CPU.Build.0 = Release|Any CPU
		{CED9623D-BB2E-66A7-23AA-9C7D3566BA54}.Debug|Any CPU.ActiveCfg = Debug|Any CPU
		{CED9623D-BB2E-66A7-23AA-9C7D3566BA54}.Debug|Any CPU.Build.0 = Debug|Any CPU
		{CED9623D-BB2E-66A7-23AA-9C7D3566BA54}.Release|Any CPU.ActiveCfg = Release|Any CPU
		{CED9623D-BB2E-66A7-23AA-9C7D3566BA54}.Release|Any CPU.Build.0 = Release|Any CPU
		{B680032A-0D00-02A2-E619-74CF62F66899}.Debug|Any CPU.ActiveCfg = Debug|Any CPU
		{B680032A-0D00-02A2-E619-74CF62F66899}.Debug|Any CPU.Build.0 = Debug|Any CPU
		{B680032A-0D00-02A2-E619-74CF62F66899}.Release|Any CPU.ActiveCfg = Release|Any CPU
		{B680032A-0D00-02A2-E619-74CF62F66899}.Release|Any CPU.Build.0 = Release|Any CPU
		{71CE94A6-0493-82ED-C6BA-0C49D5D31DE4}.Debug|Any CPU.ActiveCfg = Debug|Any CPU
		{71CE94A6-0493-82ED-C6BA-0C49D5D31DE4}.Debug|Any CPU.Build.0 = Debug|Any CPU
		{71CE94A6-0493-82ED-C6BA-0C49D5D31DE4}.Release|Any CPU.ActiveCfg = Release|Any CPU
		{71CE94A6-0493-82ED-C6BA-0C49D5D31DE4}.Release|Any CPU.Build.0 = Release|Any CPU
		{7928DF27-15A4-0BDE-9ED1-F75F7B960D59}.Debug|Any CPU.ActiveCfg = Debug|Any CPU
		{7928DF27-15A4-0BDE-9ED1-F75F7B960D59}.Debug|Any CPU.Build.0 = Debug|Any CPU
		{7928DF27-15A4-0BDE-9ED1-F75F7B960D59}.Release|Any CPU.ActiveCfg = Release|Any CPU
		{7928DF27-15A4-0BDE-9ED1-F75F7B960D59}.Release|Any CPU.Build.0 = Release|Any CPU
		{345ECFA3-648F-DC9D-9FA9-902CFC641AD6}.Debug|Any CPU.ActiveCfg = Debug|Any CPU
		{345ECFA3-648F-DC9D-9FA9-902CFC641AD6}.Debug|Any CPU.Build.0 = Debug|Any CPU
		{345ECFA3-648F-DC9D-9FA9-902CFC641AD6}.Release|Any CPU.ActiveCfg = Release|Any CPU
		{345ECFA3-648F-DC9D-9FA9-902CFC641AD6}.Release|Any CPU.Build.0 = Release|Any CPU
		{7B6433D9-A476-4C90-70C8-6EA8B02A4DEE}.Debug|Any CPU.ActiveCfg = Debug|Any CPU
		{7B6433D9-A476-4C90-70C8-6EA8B02A4DEE}.Debug|Any CPU.Build.0 = Debug|Any CPU
		{7B6433D9-A476-4C90-70C8-6EA8B02A4DEE}.Release|Any CPU.ActiveCfg = Release|Any CPU
		{7B6433D9-A476-4C90-70C8-6EA8B02A4DEE}.Release|Any CPU.Build.0 = Release|Any CPU
		{DAC8B980-74B1-63C8-CA27-DBA183A00AE1}.Debug|Any CPU.ActiveCfg = Debug|Any CPU
		{DAC8B980-74B1-63C8-CA27-DBA183A00AE1}.Debug|Any CPU.Build.0 = Debug|Any CPU
		{DAC8B980-74B1-63C8-CA27-DBA183A00AE1}.Release|Any CPU.ActiveCfg = Release|Any CPU
		{DAC8B980-74B1-63C8-CA27-DBA183A00AE1}.Release|Any CPU.Build.0 = Release|Any CPU
		{A968723E-F051-8FE5-CA3B-A9EADDF9A61B}.Debug|Any CPU.ActiveCfg = Debug|Any CPU
		{A968723E-F051-8FE5-CA3B-A9EADDF9A61B}.Debug|Any CPU.Build.0 = Debug|Any CPU
		{A968723E-F051-8FE5-CA3B-A9EADDF9A61B}.Release|Any CPU.ActiveCfg = Release|Any CPU
		{A968723E-F051-8FE5-CA3B-A9EADDF9A61B}.Release|Any CPU.Build.0 = Release|Any CPU
		{9796492F-C2C9-05F9-6348-B559364329FC}.Debug|Any CPU.ActiveCfg = Debug|Any CPU
		{9796492F-C2C9-05F9-6348-B559364329FC}.Debug|Any CPU.Build.0 = Debug|Any CPU
		{9796492F-C2C9-05F9-6348-B559364329FC}.Release|Any CPU.ActiveCfg = Release|Any CPU
		{9796492F-C2C9-05F9-6348-B559364329FC}.Release|Any CPU.Build.0 = Release|Any CPU
		{02901044-4986-3618-3E83-6062AF5406F0}.Debug|Any CPU.ActiveCfg = Debug|Any CPU
		{02901044-4986-3618-3E83-6062AF5406F0}.Debug|Any CPU.Build.0 = Debug|Any CPU
		{02901044-4986-3618-3E83-6062AF5406F0}.Release|Any CPU.ActiveCfg = Release|Any CPU
		{02901044-4986-3618-3E83-6062AF5406F0}.Release|Any CPU.Build.0 = Release|Any CPU
		{62740F67-FDDB-16F6-5ACE-7F28DE11B6F9}.Debug|Any CPU.ActiveCfg = Debug|Any CPU
		{62740F67-FDDB-16F6-5ACE-7F28DE11B6F9}.Debug|Any CPU.Build.0 = Debug|Any CPU
		{62740F67-FDDB-16F6-5ACE-7F28DE11B6F9}.Release|Any CPU.ActiveCfg = Release|Any CPU
		{62740F67-FDDB-16F6-5ACE-7F28DE11B6F9}.Release|Any CPU.Build.0 = Release|Any CPU
		{60832518-17E2-4224-8023-B86B5D8604F7}.Debug|Any CPU.ActiveCfg = Debug|Any CPU
		{60832518-17E2-4224-8023-B86B5D8604F7}.Debug|Any CPU.Build.0 = Debug|Any CPU
		{60832518-17E2-4224-8023-B86B5D8604F7}.Release|Any CPU.ActiveCfg = Release|Any CPU
		{60832518-17E2-4224-8023-B86B5D8604F7}.Release|Any CPU.Build.0 = Release|Any CPU
		{114994B9-AB6E-1D02-1DE8-51BFD031786F}.Debug|Any CPU.ActiveCfg = Debug|Any CPU
		{114994B9-AB6E-1D02-1DE8-51BFD031786F}.Debug|Any CPU.Build.0 = Debug|Any CPU
		{114994B9-AB6E-1D02-1DE8-51BFD031786F}.Release|Any CPU.ActiveCfg = Release|Any CPU
		{114994B9-AB6E-1D02-1DE8-51BFD031786F}.Release|Any CPU.Build.0 = Release|Any CPU
		{F7911C5C-C3CE-2902-E207-5B4813C1AD43}.Debug|Any CPU.ActiveCfg = Debug|Any CPU
		{F7911C5C-C3CE-2902-E207-5B4813C1AD43}.Debug|Any CPU.Build.0 = Debug|Any CPU
		{F7911C5C-C3CE-2902-E207-5B4813C1AD43}.Release|Any CPU.ActiveCfg = Release|Any CPU
		{F7911C5C-C3CE-2902-E207-5B4813C1AD43}.Release|Any CPU.Build.0 = Release|Any CPU
		{AF410D0C-8641-3818-A06F-225E3B8A8CFD}.Debug|Any CPU.ActiveCfg = Debug|Any CPU
		{AF410D0C-8641-3818-A06F-225E3B8A8CFD}.Debug|Any CPU.Build.0 = Debug|Any CPU
		{AF410D0C-8641-3818-A06F-225E3B8A8CFD}.Release|Any CPU.ActiveCfg = Release|Any CPU
		{AF410D0C-8641-3818-A06F-225E3B8A8CFD}.Release|Any CPU.Build.0 = Release|Any CPU
		{A97C08E5-95FA-F6EB-49AC-42BCED631258}.Debug|Any CPU.ActiveCfg = Debug|Any CPU
		{A97C08E5-95FA-F6EB-49AC-42BCED631258}.Debug|Any CPU.Build.0 = Debug|Any CPU
		{A97C08E5-95FA-F6EB-49AC-42BCED631258}.Release|Any CPU.ActiveCfg = Release|Any CPU
		{A97C08E5-95FA-F6EB-49AC-42BCED631258}.Release|Any CPU.Build.0 = Release|Any CPU
		{FEF6A607-12AE-33E0-EF00-1930B2D1FE6A}.Debug|Any CPU.ActiveCfg = Debug|Any CPU
		{FEF6A607-12AE-33E0-EF00-1930B2D1FE6A}.Debug|Any CPU.Build.0 = Debug|Any CPU
		{FEF6A607-12AE-33E0-EF00-1930B2D1FE6A}.Release|Any CPU.ActiveCfg = Release|Any CPU
		{FEF6A607-12AE-33E0-EF00-1930B2D1FE6A}.Release|Any CPU.Build.0 = Release|Any CPU
		{5A61B290-2499-F2C5-40C5-8EE80C202F46}.Debug|Any CPU.ActiveCfg = Debug|Any CPU
		{5A61B290-2499-F2C5-40C5-8EE80C202F46}.Debug|Any CPU.Build.0 = Debug|Any CPU
		{5A61B290-2499-F2C5-40C5-8EE80C202F46}.Release|Any CPU.ActiveCfg = Release|Any CPU
		{5A61B290-2499-F2C5-40C5-8EE80C202F46}.Release|Any CPU.Build.0 = Release|Any CPU
	EndGlobalSection
	GlobalSection(SolutionProperties) = preSolution
		HideSolutionNode = FALSE
	EndGlobalSection
EndGlobal
